github.com/Microsoft/go-winio v0.6.2 h1:F2VQgta7ecxGYO8k3ZZz3RS8fVIXVxONVUPlNERoyfY=
github.com/Microsoft/go-winio v0.6.2/go.mod h1:yd8OoFMLzJbo9gZq8j5qaps8bJ9aShtEA8Ipt1oGCvU=
github.com/antithesishq/antithesis-sdk-go v0.7.0 h1:uWDG8BqLD1lI2ps38WDz2vXflrTX2+vLX0SvZtztJtE=
github.com/antithesishq/antithesis-sdk-go v0.7.0/go.mod h1:FQyySiasQQM8735Ddel3MRojmy4dA1IqCeyJ5jmPMbI=
github.com/aws/aws-sdk-go v1.55.8 h1:JRmEUbU52aJQZ2AjX4q4Wu7t4uZjOu71uyNmaWlUkJQ=
github.com/aws/aws-sdk-go v1.55.8/go.mod h1:ZkViS9AqA6otK+JBBNH2++sx1sgxrPKcSzPPvQkUtXk=
github.com/aws/aws-sdk-go-v2 v1.43.8 h1:fpnrxwuwsoGIgjvgLeDU3y9w7YaHBxyF6AF3vQL8duw=
github.com/aws/aws-sdk-go-v2 v1.43.8/go.mod h1:j7gYSq8dL95QejkFXxvQNESH4I9WGHFI6iO+vhqEi5Q=
github.com/aws/aws-sdk-go-v2/aws/protocol/eventstream v1.7.19 h1:56S0VBF43Kvy2YiWkZe65Uj5rpvW1LLnHBUBg8jlxuQ=
github.com/aws/aws-sdk-go-v2/aws/protocol/eventstream v1.7.19/go.mod h1:n1TtGWnXCj/kl11tMcNN2aeS95u01phKYgE39N5HHfM=
github.com/aws/aws-sdk-go-v2/config v1.32.39 h1:3TYUWYWawsE9KF02G3dA7vsbwoCphyGOpFFEUugRs/4=
github.com/aws/aws-sdk-go-v2/config v1.32.39/go.mod h1:/lPP/ciQurgJa6l6mbBX+b5MB1qaLrC9dd3YHtGvrhk=
github.com/aws/aws-sdk-go-v2/credentials v1.19.38 h1:Xf8j1+vzwPRCta9pFXjj0677BzXrRO2JbpAVNcdXnnI=
github.com/aws/aws-sdk-go-v2/credentials v1.19.38/go.mod h1:PGYzFTznwRAJ2q0m+oX+P8SlfZQKpBAKQCokNuMl3Sg=
github.com/aws/aws-sdk-go-v2/feature/ec2/imds v1.18.39 h1:9GLrXl8PKQ3+bMniXFg3vliMWJ+204bFcIvBCwJFglc=
github.com/aws/aws-sdk-go-v2/feature/ec2/imds v1.18.39/go.mod h1:MmlE5TLgq7+QbXKKUSzqUz4h0Uu5kz2SEe6iPX+ZFHI=
github.com/aws/aws-sdk-go-v2/internal/configsources v1.4.39 h1:YrEI22hVQcqMpq934ZoPQyJjGNzX4CGdrSDCjBD59sI=
github.com/aws/aws-sdk-go-v2/internal/configsources v1.4.39/go.mod h1:N8qOX83LkaCeizvrfiNjwkBOXkxHt6a74CiZn8qz9F8=
github.com/aws/aws-sdk-go-v2/internal/endpoints/v2 v2.7.39 h1:Vo7UZzBjB6zS6feEOuBlpEgaj8iBTdiNlye+7w9ooGo=
github.com/aws/aws-sdk-go-v2/internal/endpoints/v2 v2.7.39/go.mod h1:JgxtAO/77e95Rs9WMWUzz99hT182gqdAh7/DHuEMA/k=
github.com/aws/aws-sdk-go-v2/internal/v4a v1.4.40 h1:oofDq8Y5M82fmDrxb8gsbP0LS73MqZ388qKVgs5ETYI=
github.com/aws/aws-sdk-go-v2/internal/v4a v1.4.40/go.mod h1:LSfLmbvx50+T+/DoUZRqB1qS38v7lvNUebqIpidAWYM=
github.com/aws/aws-sdk-go-v2/service/internal/accept-encoding v1.13.18 h1:+fiwOxNdE8bOK3SoVTln8hwP+OCyArbi2/InIr/A9AU=
github.com/aws/aws-sdk-go-v2/service/internal/accept-encoding v1.13.18/go.mod h1:aua4m7EZSvQra/96b8zJxWHwtHxuXQ8bx4DiM92V044=
github.com/aws/aws-sdk-go-v2/service/internal/checksum v1.9.32 h1:GDKKLoFujnrZkWJAbfgDvX2cb0TP73JeQQc9fVK4BfE=
github.com/aws/aws-sdk-go-v2/service/internal/checksum v1.9.32/go.mod h1:wQJ9fj9RPoeHImfpG4NwPInNpwamTI539nK8bFMX+ew=
github.com/aws/aws-sdk-go-v2/service/internal/presigned-url v1.13.39 h1:inoUrqz4Lfpw1XwpUvQnBiAJ2tUzn3opZ0gduNLxo+8=
github.com/aws/aws-sdk-go-v2/service/internal/presigned-url v1.13.39/go.mod h1:Yx+RrmAF+XGZTccwhQ3o4K5V8qkZBsTAcq148Y8g57k=
github.com/aws/aws-sdk-go-v2/service/internal/s3shared v1.19.40 h1:omoUTxUzc1jb9yMa+7Y86R+/8MzsdjrR/juI60b4RLc=
github.com/aws/aws-sdk-go-v2/service/internal/s3shared v1.19.40/go.mod h1:ZP7gNAEnLFigr5CEX5tdU7xWbj52noH2m8IAeIhFgCY=
github.com/aws/aws-sdk-go-v2/service/s3 v1.107.4 h1:R1hIw5Z7OqINqgYo5LykHQo2BWbcflFzGaonJgNkbao=
github.com/aws/aws-sdk-go-v2/service/s3 v1.107.4/go.mod h1:oinlf/VTl4hAUctSvIaOPKOZbckTIaWzYj96MRbPKb4=
github.com/aws/aws-sdk-go-v2/service/signin v1.5.8 h1:bghrxelVQpGurGI1X94BT68h6p+hWQnlsu8nSmiSll4=
github.com/aws/aws-sdk-go-v2/service/signin v1.5.8/go.mod h1:gkwdIl9w+6LFKlGRLz3+Dw+cudc9dD1ViMDhHGmzOgk=
github.com/aws/aws-sdk-go-v2/service/sso v1.33.8 h1:/DbiPZ8maO03uFnXa6yEhFdWOTA5xObmGNfaEzt9Cac=
github.com/aws/aws-sdk-go-v2/service/sso v1.33.8/go.mod h1:mUywXl2WlN+gZD0vNeg1Hn0EMOifDQ79StJcdqXHkXo=
github.com/aws/aws-sdk-go-v2/service/ssooidc v1.38.8 h1:wv4pCyq/LkBYc5R4m/g5S+uGqF/DbL+bp9VXiQEnec4=
github.com/aws/aws-sdk-go-v2/service/ssooidc v1.38.8/go.mod h1:9AKVT0vADSCPXRuoZjziHwsbdLDFMGRExwWBQourCa8=
github.com/aws/aws-sdk-go-v2/service/sts v1.45.8 h1:oQrmuqpBAExYPEPJp8dkj9KLmc0y42iwvAV28OwlzF0=
github.com/aws/aws-sdk-go-v2/service/sts v1.45.8/go.mod h1:qNTXKrmzx2cC6VmM7PxHNasBMWKx3mfxgzcbVjcWVAU=
github.com/aws/smithy-go v1.27.10 h1:bw56MIx8bhTQZSdzucEJSKWLpwX0ju7hU8cVoa75dg8=
github.com/aws/smithy-go v1.27.10/go.mod h1:YE2RhdIuDbA5E5bTdciG9KrW3+TiEONeUWCqxX9i1Fc=
github.com/cenkalti/backoff v2.2.1+incompatible h1:tNowT99t7UNflLxfYYSlKYsBpXdEet03Pg2g16Swow4=
github.com/cenkalti/backoff v2.2.1+incompatible/go.mod h1:90ReRw6GdpyfrHakVjL/QHaoyV4aDUVVkXQJJJ3NXXM=
github.com/containerd/errdefs v1.0.0 h1:tg5yIfIlQIrxYtu9ajqY42W3lpS19XqdxRQeEwYG8PI=
github.com/containerd/errdefs v1.0.0/go.mod h1:+YBYIdtsnF4Iw6nWZhJcqGSg/dwvV7tyJ/kCkyJ2k+M=
github.com/containerd/errdefs/pkg v0.3.0 h1:9IKJ06FvyNlexW690DXuQNx2KA2cUJXx151Xdx3ZPPE=
github.com/containerd/errdefs/pkg v0.3.0/go.mod h1:NJw6s9HwNuRhnjJhM7pylWwMyAkmCQvQ4GpJHEqRLVk=
github.com/davecgh/go-spew v1.1.0/go.mod h1:J7Y8YcW2NihsgmVo/mv3lAwl/skON4iLHjSsI+c5H38=
github.com/davecgh/go-spew v1.1.1 h1:vj9j/u1bqnvCEfJOwUhtlOARqs3+rkHYY13jYWTU97c=
github.com/davecgh/go-spew v1.1.1/go.mod h1:J7Y8YcW2NihsgmVo/mv3lAwl/skON4iLHjSsI+c5H38=
github.com/distribution/reference v0.6.0 h1:0IXCQ5g4/QMHHkarYzh5l+u8T3t73zM5QvfrDyIgxBk=
github.com/distribution/reference v0.6.0/go.mod h1:BbU0aIcezP1/5jX/8MP0YiH4SdvB5Y4f/wlDRiLyi3E=
github.com/docker/go-connections v0.7.0 h1:6SsRfJddP22WMrCkj19x9WKjEDTB+ahsdiGYf0mN39c=
github.com/docker/go-connections v0.7.0/go.mod h1:no1qkHdjq7kLMGUXYAduOhYPSJxxvgWBh7ogVvptn3Q=
github.com/docker/go-units v0.5.0 h1:69rxXcBk27SvSaaxTtLh/8llcHD8vYHT7WSdRZ/jvr4=
github.com/docker/go-units v0.5.0/go.mod h1:fgPhTUdO+D/Jk86RDLlptpiXQzgHJF7gydDDbaIK4Dk=
github.com/dustin/go-humanize v1.0.1 h1:GzkhY7T5VNhEkwH0PVJgjz+fX1rhBrR7pRT3mDkpeCY=
github.com/dustin/go-humanize v1.0.1/go.mod h1:Mu1zIs6XwVuF/gI1OepvI0qD18qycQx+mFykh5fBlto=
github.com/expr-lang/expr v1.17.8 h1:W1loDTT+0PQf5YteHSTpju2qfUfNoBt4yw9+wOEU9VM=
github.com/expr-lang/expr v1.17.8/go.mod h1:8/vRC7+7HBzESEqt5kKpYXxrxkr31SaO8r40VO/1IT4=
github.com/felixge/httpsnoop v1.0.4 h1:NFTV2Zj1bL4mc9sqWACXbQFVBBg2W3GPvqp8/ESS2Wg=
github.com/felixge/httpsnoop v1.0.4/go.mod h1:m8KPJKqk1gH5J9DgRY2ASl2lWCfGKXixSwevea8zH2U=
github.com/go-acme/lego v2.7.2+incompatible h1:ThhpPBgf6oa9X/vRd0kEmWOsX7+vmYdckmGZSb+FEp0=
github.com/go-acme/lego v2.7.2+incompatible/go.mod h1:yzMNe9CasVUhkquNvti5nAtPmG94USbYxYrZfTkIn0M=
github.com/go-logr/logr v1.2.2/go.mod h1:jdQByPbusPIv2/zmleS9BjJVeZ6kBagPoEUsqbVz/1A=
github.com/go-logr/logr v1.4.2 h1:6pFjapn8bFcIbiKo3XT4j/BhANplGihG6tvd+8rYgrY=
github.com/go-logr/logr v1.4.2/go.mod h1:9T104GzyrTigFIr8wt5mBrctHMim0Nb2HLGrmQ40KvY=
github.com/go-logr/stdr v1.2.2 h1:hSWxHoqTgW2S2qGc0LTAI563KZ5YKYRhT3MFKZMbjag=
github.com/go-logr/stdr v1.2.2/go.mod h1:mMo/vtBO5dYbehREoey6XUKy/eSumjCCveDpRre4VKE=
github.com/google/go-cmp v0.7.0 h1:wk8382ETsv4JYUZwIsn6YpYiWiBsYLSJiTsyBybVuN8=
github.com/google/go-cmp v0.7.0/go.mod h1:pXiqmnSA92OHEEa9HXL2W4E7lf9JzCmGVUdgjX3N/iU=
github.com/google/go-tpm v0.9.8 h1:slArAR9Ft+1ybZu0lBwpSmpwhRXaa85hWtMinMyRAWo=
github.com/google/go-tpm v0.9.8/go.mod h1:h9jEsEECg7gtLis0upRBQU+GhYVH6jMjrFxI8u6bVUY=
github.com/google/uuid v1.6.0 h1:NIvaJDMOsjHA8n1jAhLSgzrAzy1Hgr+hNrb57e+94F0=
github.com/google/uuid v1.6.0/go.mod h1:TIyPZe4MgqvfeYDBFedMoGGpEw/LqOeaOT+nhxU+yHo=
github.com/jmespath/go-jmespath v0.4.0 h1:BEgLn5cpjn8UN1mAw4NjwDrS35OdebyEtFe+9YPoQUg=
github.com/jmespath/go-jmespath v0.4.0/go.mod h1:T8mJZnbsbmF+m6zOOFylbeCJqk5+pHWvzYPziyZiYoo=
github.com/jmespath/go-jmespath/internal/testify v1.5.1 h1:shLQSRRSCCPj3f2gpwzGwWFoC7ycTf1rcQZHOlsJ6N8=
github.com/jmespath/go-jmespath/internal/testify v1.5.1/go.mod h1:L3OGu8Wl2/fWfCI6z80xFu9LTZmf1ZRjMHUOPmWr69U=
github.com/klauspost/compress v1.18.5 h1:/h1gH5Ce+VWNLSWqPzOVn6XBO+vJbCNGvjoaGBFW2IE=
github.com/klauspost/compress v1.18.5/go.mod h1:cwPg85FWrGar70rWktvGQj8/hthj3wpl0PGDogxkrSQ=
github.com/kr/pretty v0.3.1 h1:flRD4NNwYAUpkphVc1HcthR4KEIFJ65n8Mw5qdRn3LE=
github.com/kr/pretty v0.3.1/go.mod h1:hoEshYVHaxMs3cyo3Yncou5ZscifuDolrwPKZanG3xk=
github.com/kr/text v0.2.0 h1:5Nx0Ya0ZqY2ygV366QzturHI13Jq95ApcVaJBhpS+AY=
github.com/kr/text v0.2.0/go.mod h1:eLer722TekiGuMkidMxC/pM04lWEeraHUUmBw8l2grE=
github.com/miekg/dns v1.1.72 h1:vhmr+TF2A3tuoGNkLDFK9zi36F2LS+hKTRW0Uf8kbzI=
github.com/miekg/dns v1.1.72/go.mod h1:+EuEPhdHOsfk6Wk5TT2CzssZdqkmFhf8r+aVyDEToIs=
github.com/minio/highwayhash v1.0.4 h1:asJizugGgchQod2ja9NJlGOWq4s7KsAWr5XUc9Clgl4=
github.com/minio/highwayhash v1.0.4/go.mod h1:GGYsuwP/fPD6Y9hMiXuapVvlIUEhFhMTh0rxU3ik1LQ=
github.com/moby/docker-image-spec v1.3.1 h1:jMKff3w6PgbfSa69GfNg+zN/XLhfXJGnEx3Nl2EsFP0=
github.com/moby/docker-image-spec v1.3.1/go.mod h1:eKmb5VW8vQEh/BAr2yvVNvuiJuY6UIocYsFu/DxxRpo=
github.com/moby/moby/api v1.55.0 h1:2/sexvQyqIWS8pRSCFddBfpW2qE7vR7FCL+vN8pxwMc=
github.com/moby/moby/api v1.55.0/go.mod h1:+RQ6wluLwtYaTd1WnPLykIDPekkuyD/ROWQClE83pzs=
github.com/moby/moby/client v0.5.1 h1:tYNaJno4c0HXz12y5BiqEDy0rVTYkWzI26lGvnTMiJw=
github.com/moby/moby/client v0.5.1/go.mod h1:odLstlZ6uSnfvAgVxMpvgmb8SUdd+siH2T0GBuxVAlM=
github.com/nats-io/jsm.go v0.4.1 h1:hT0Ksd8Jk5wg9uZKiM5EMAJwSoC8zAu1ivPVB5UA9cI=
github.com/nats-io/jsm.go v0.4.1/go.mod h1:rWdrAnJSsCBjjeGbkSvMCB17oPTn+A5kXidixqn0M/E=
github.com/nats-io/jwt/v2 v2.8.1 h1:V0xpGuD/N8Mi+fQNDynXohVvp7ZztevW5io8CUWlPmU=
github.com/nats-io/jwt/v2 v2.8.1/go.mod h1:nWnOEEiVMiKHQpnAy4eXlizVEtSfzacZ1Q43LIRavZg=
github.com/nats-io/nats-server/v2 v2.14.0 h1:+8q0HrDFotwLLcGH/legOEOnowunhK+aZ4GYBIWpQlM=
github.com/nats-io/nats-server/v2 v2.14.0/go.mod h1:ImVUUDvfClJbb6cuJQRc1VmgDCXKM5ds0OoiG9MVOKo=
github.com/nats-io/nats.go v1.53.1 h1:Otsq3uLc/kLdjmkNHkXH0jBqwUquwdKFoe3fq6/3/Xo=
github.com/nats-io/nats.go v1.53.1/go.mod h1:26HypzazeOkyO3/mqd1zZd53STJN0EjCYF9Uy2ZOBno=
github.com/nats-io/nkeys v0.4.16 h1:rd5oAuLOb8mnAycB0xleuEBNS1pVVnN0fv/FF34Eypg=
github.com/nats-io/nkeys v0.4.16/go.mod h1:llLgWoI0o4z/Q57q2R1kHfmocyhGV6VG/U18Glg1Afs=
github.com/nats-io/nuid v1.0.1 h1:5iA8DT8V7q8WK2EScv2padNa/rTESc1KdnPw4TC2paw=
github.com/nats-io/nuid v1.0.1/go.mod h1:19wcPz3Ph3q0Jbyiqsd0kePYG7A95tJPxeL+1OSON2c=
github.com/opencontainers/go-digest v1.0.0 h1:apOUWs51W5PlhuyGyz9FCeeBIOUDA/6nW8Oi/yOhh5U=
github.com/opencontainers/go-digest v1.0.0/go.mod h1:0JzlMkj0TRzQZfJkVvzbP0HBR3IKzErnv2BNG4W4MAM=
github.com/opencontainers/image-spec v1.1.1 h1:y0fUlFfIZhPF1W537XOLg0/fcx6zcHCJwooC2xJA040=
github.com/opencontainers/image-spec v1.1.1/go.mod h1:qpqAh3Dmcf36wStyyWU+kCeDgrGnAve2nCC8+7h8Q0M=
github.com/pmezard/go-difflib v1.0.0 h1:4DBwDE0NGyQoBHbLQYPwSUPoCMWR5BEzIk/f1lZbAQM=
github.com/pmezard/go-difflib v1.0.0/go.mod h1:iKH77koFhYxTK1pcRnkKkqfTogsbg7gZNVY4sRDYZ/4=
github.com/rogpeppe/go-internal v1.13.1 h1:KvO1DLK/DRN07sQ1LQKScxyZJuNnedQ5/wKSR38lUII=
github.com/rogpeppe/go-internal v1.13.1/go.mod h1:uMEvuHeurkdAXX61udpOXGD/AzZDWNMNyH2VO9fmH0o=
github.com/stretchr/objx v0.1.0/go.mod h1:HFkY916IF+rwdDfMAkV7OtwuqBVzrE8GR6GFx+wExME=
github.com/stretchr/testify v1.10.0 h1:Xv5erBjTwe/5IxqUQTdXv5kgmIvbHo3QQyRwhJsOfJA=
github.com/stretchr/testify v1.10.0/go.mod h1:r2ic/lqez/lEtzL7wO/rwa5dbSLXVDPFyf8C91i36aY=
go.opentelemetry.io/auto/sdk v1.1.0 h1:cH53jehLUN6UFLY71z+NDOiNJqDdPRaXzTel0sJySYA=
go.opentelemetry.io/auto/sdk v1.1.0/go.mod h1:3wSPjt5PWp2RhlCcmmOial7AvC4DQqZb7a7wCow3W8A=
go.opentelemetry.io/contrib/instrumentation/net/http/otelhttp v0.60.0 h1:sbiXRNDSWJOTobXh5HyQKjq6wUC5tNybqjIqDpAY4CU=
go.opentelemetry.io/contrib/instrumentation/net/http/otelhttp v0.60.0/go.mod h1:69uWxva0WgAA/4bu2Yy70SLDBwZXuQ6PbBpbsa5iZrQ=
go.opentelemetry.io/otel v1.35.0 h1:xKWKPxrxB6OtMCbmMY021CqC45J+3Onta9MqjhnusiQ=
go.opentelemetry.io/otel v1.35.0/go.mod h1:UEqy8Zp11hpkUrL73gSlELM0DupHoiq72dR+Zqel/+Y=
go.opentelemetry.io/otel/metric v1.35.0 h1:0znxYu2SNyuMSQT4Y9WDWej0VpcsxkuklLa4/siN90M=
go.opentelemetry.io/otel/metric v1.35.0/go.mod h1:nKVFgxBZ2fReX6IlyW28MgZojkoAkJGaE8CpgeAU3oE=
go.opentelemetry.io/otel/sdk v1.35.0 h1:iPctf8iprVySXSKJffSS79eOjl9pvxV9ZqOWT0QejKY=
go.opentelemetry.io/otel/sdk v1.35.0/go.mod h1:+ga1bZliga3DxJ3CQGg3updiaAJoNECOgJREo9KHGQg=
go.opentelemetry.io/otel/sdk/metric v1.35.0 h1:1RriWBmCKgkeHEhM7a2uMjMUfP7MsOF5JpUCaEqEI9o=
go.opentelemetry.io/otel/sdk/metric v1.35.0/go.mod h1:is6XYCUMpcKi+ZsOvfluY5YstFnhW0BidkR+gL+qN+w=
go.opentelemetry.io/otel/trace v1.35.0 h1:dPpEfJu1sDIqruz7BHFG3c7528f6ddfSWfFDVt/xgMs=
go.opentelemetry.io/otel/trace v1.35.0/go.mod h1:WUk7DtFp1Aw2MkvqGdwiXYDZZNvA/1J8o6xRXLrIkyc=
golang.org/x/crypto v0.55.0 h1:+KWHjbgOaAQ66dh/YlkZKHlz9ZUlq61AFirAR9ntP8M=
golang.org/x/crypto v0.55.0/go.mod h1:uq0V9dE/fzQuJtbnL+2EhWOE63vo164FY8xqEnV9xis=
golang.org/x/mod v0.38.0 h1:MECBjubtXD7yj4HrhIUcywNaGeNVUdfVnxmPajOk4yk=
golang.org/x/mod v0.38.0/go.mod h1:V6Xz0pq8TQ3dGqVQ1FVHuelZpAL0uNhSkk9ogYP3c40=
golang.org/x/net v0.58.0 h1:ynWG7rqYi4ccpTEuPZ2QGWHktVEM9DMCj9yzDE0Q7To=
golang.org/x/net v0.58.0/go.mod h1:YwCddHnFlT7eLQqVprV19OnhLGtc5xOKgE0RyqgfWAU=
golang.org/x/sync v0.22.0 h1:SZjpbeLmrCk4xhRSZFNZW5gFUeCeFgjekvI/+gfScek=
golang.org/x/sync v0.22.0/go.mod h1:9xrNwdLfx4jkKbNva9FpL6vEN7evnE43NNNJQ2LF3+0=
golang.org/x/sys v0.21.0/go.mod h1:/VUhepiaJMQUp4+oa/7Zr1D23ma6VTLIYjOOTFZPUcA=
golang.org/x/sys v0.47.0 h1:o7XGOvZQCADBQQ4Y7VNq2dRWQR7JmOUW8Kxx4ZsNgWs=
golang.org/x/sys v0.47.0/go.mod h1:4GL1E5IUh+htKOUEOaiffhrAeqysfVGipDYzABqnCmw=
golang.org/x/text v0.41.0 h1:vz/seA0lnX87Othu2f/0L24RcgrXD9/YFTSuGjj3rH8=
golang.org/x/text v0.41.0/go.mod h1:jvf1O8ajNzZqhSrQBPbutR/EB83Cc0CFrezNQIwbb5M=
golang.org/x/time v0.15.0 h1:bbrp8t3bGUeFOx08pvsMYRTCVSMk89u4tKbNOZbp88U=
golang.org/x/time v0.15.0/go.mod h1:Y4YMaQmXwGQZoFaVFk4YpCt4FLQMYKZe9oeV/f4MSno=
golang.org/x/tools v0.48.0 h1:3+hClM1aLL5mjMKm5ovokw9epgRXPuu2tILgismM6RE=
golang.org/x/tools v0.48.0/go.mod h1:08xX0orndb/F7jJxGDicx061tyd5pcMto75YMAXr6lk=
gopkg.in/check.v1 v0.0.0-20161208181325-20d25e280405/go.mod h1:Co6ibVJAznAaIkqp8huTwlJQCZ016jof/cbN4VW5Yz0=
gopkg.in/check.v1 v1.0.0-20201130134442-10cb98267c6c h1:Hei/4ADfdWqJk1ZMxUNpqntNwaWcugrBjAiHlqqRiVk=
gopkg.in/check.v1 v1.0.0-20201130134442-10cb98267c6c/go.mod h1:JHkPIbrfpd72SG/EVd6muEfDQjcINNoR0C8j2r3qZ4Q=
gopkg.in/square/go-jose.v2 v2.6.0 h1:NGk74WTnPKBNUhNzQX7PYcTLUjoq7mzKk2OKbvwk2iI=
gopkg.in/square/go-jose.v2 v2.6.0/go.mod h1:M9dMgbHiYLoDGQrXy7OpJDJWiKiU//h+vD76mk0e1AI=
gopkg.in/yaml.v2 v2.2.8 h1:obN1ZagJSUGI0Ek/LBmuj4SNLPfIny3KsKFopxRdj10=
gopkg.in/yaml.v2 v2.2.8/go.mod h1:hI93XBmqTisBFMUTm0b8Fm+jr3Dg1NNxqwp+5A1VGuI=
gopkg.in/yaml.v3 v3.0.1 h1:fxVm/GzAzEWqLHuvctI91KS9hhNmmWOoWu0XTYJS7CA=
gopkg.in/yaml.v3 v3.0.1/go.mod h1:K4uyk7z7BCEPqu6E+C64Yfv1cQ7kz7rIZviUmN+EgEM=
gotest.tools/v3 v3.5.2 h1:7koQfIKdy+I8UTetycgUqXWSDwpgv193Ka+qRsmBY8Q=
gotest.tools/v3 v3.5.2/go.mod h1:LtdLGcnqToBH83WByAAi/wiwSFCArdFIUV/xxN4pcjA=
pgregory.net/rapid v1.2.0 h1:keKAYRcjm+e1F0oAuU5F5+YPAWcyxNNRK2wud503Gnk=
pgregory.net/rapid v1.2.0/go.mod h1:PY5XlDGj0+V1FCq0o192FdRhpKHGTRIWBgqjDBTrq04=
